// !$*UTF8*$!
{
	archiveVersion = 1;
	classes = {
	};
	objectVersion = 56;
	objects = {

/* Begin PBXBuildFile section */
		2F4451632B06F2EA00F3D40F /* Background.swift in Sources */ = {isa = PBXBuildFile; fileRef = 2F4451622B06F2EA00F3D40F /* Background.swift */; };
		2F4B480F2B05955500F8785C /* ContentView.swift in Sources */ = {isa = PBXBuildFile; fileRef = 2F4B480E2B05955500F8785C /* ContentView.swift */; };
		2F4B48112B05955600F8785C /* Assets.xcassets in Resources */ = {isa = PBXBuildFile; fileRef = 2F4B48102B05955600F8785C /* Assets.xcassets */; };
		2F4B48142B05955600F8785C /* Preview Assets.xcassets in Resources */ = {isa = PBXBuildFile; fileRef = 2F4B48132B05955600F8785C /* Preview Assets.xcassets */; };
		2F4B481B2B05957300F8785C /* GameScene.swift in Sources */ = {isa = PBXBuildFile; fileRef = 2F4B481A2B05957300F8785C /* GameScene.swift */; };
		2F4B481D2B05959100F8785C /* Spritekitcontainer.swift in Sources */ = {isa = PBXBuildFile; fileRef = 2F4B481C2B05959100F8785C /* Spritekitcontainer.swift */; };
		2F4B48252B05990200F8785C /* Player.swift in Sources */ = {isa = PBXBuildFile; fileRef = 2F4B48242B05990200F8785C /* Player.swift */; };
		2F4B48272B059E1900F8785C /* Platform.swift in Sources */ = {isa = PBXBuildFile; fileRef = 2F4B48262B059E1900F8785C /* Platform.swift */; };
		2F4B48292B05A0AC00F8785C /* MainMenuView.swift in Sources */ = {isa = PBXBuildFile; fileRef = 2F4B48282B05A0AC00F8785C /* MainMenuView.swift */; };
/* End PBXBuildFile section */

/* Begin PBXFileReference section */
		2F4451622B06F2EA00F3D40F /* Background.swift */ = {isa = PBXFileReference; lastKnownFileType = sourcecode.swift; path = Background.swift; sourceTree = "<group>"; };
		2F4B48092B05955500F8785C /* gravityrun.app */ = {isa = PBXFileReference; explicitFileType = wrapper.application; includeInIndex = 0; path = gravityrun.app; sourceTree = BUILT_PRODUCTS_DIR; };
		2F4B480E2B05955500F8785C /* ContentView.swift */ = {isa = PBXFileReference; lastKnownFileType = sourcecode.swift; path = ContentView.swift; sourceTree = "<group>"; };
		2F4B48102B05955600F8785C /* Assets.xcassets */ = {isa = PBXFileReference; lastKnownFileType = folder.assetcatalog; path = Assets.xcassets; sourceTree = "<group>"; };
		2F4B48132B05955600F8785C /* Preview Assets.xcassets */ = {isa = PBXFileReference; lastKnownFileType = folder.assetcatalog; path = "Preview Assets.xcassets"; sourceTree = "<group>"; };
		2F4B481A2B05957300F8785C /* GameScene.swift */ = {isa = PBXFileReference; lastKnownFileType = sourcecode.swift; path = GameScene.swift; sourceTree = "<group>"; };
		2F4B481C2B05959100F8785C /* Spritekitcontainer.swift */ = {isa = PBXFileReference; lastKnownFileType = sourcecode.swift; path = Spritekitcontainer.swift; sourceTree = "<group>"; };
		2F4B481E2B0595EA00F8785C /* Info.plist */ = {isa = PBXFileReference; lastKnownFileType = text.plist; path = Info.plist; sourceTree = "<group>"; };
		2F4B48242B05990200F8785C /* Player.swift */ = {isa = PBXFileReference; lastKnownFileType = sourcecode.swift; path = Player.swift; sourceTree = "<group>"; };
		2F4B48262B059E1900F8785C /* Platform.swift */ = {isa = PBXFileReference; lastKnownFileType = sourcecode.swift; path = Platform.swift; sourceTree = "<group>"; };
		2F4B48282B05A0AC00F8785C /* MainMenuView.swift */ = {isa = PBXFileReference; lastKnownFileType = sourcecode.swift; path = MainMenuView.swift; sourceTree = "<group>"; };
/* End PBXFileReference section */

/* Begin PBXFrameworksBuildPhase section */
		2F4B48062B05955500F8785C /* Frameworks */ = {
			isa = PBXFrameworksBuildPhase;
			buildActionMask = 2147483647;
			files = (
			);
			runOnlyForDeploymentPostprocessing = 0;
		};
/* End PBXFrameworksBuildPhase section */

/* Begin PBXGroup section */
		2F4B48002B05955500F8785C = {
			isa = PBXGroup;
			children = (
				2F4B480B2B05955500F8785C /* gravityrun */,
				2F4B480A2B05955500F8785C /* Products */,
			);
			sourceTree = "<group>";
		};
		2F4B480A2B05955500F8785C /* Products */ = {
			isa = PBXGroup;
			children = (
				2F4B48092B05955500F8785C /* gravityrun.app */,
			);
			name = Products;
			sourceTree = "<group>";
		};
		2F4B480B2B05955500F8785C /* gravityrun */ = {
			isa = PBXGroup;
			children = (
				2F4B48232B05981400F8785C /* Controllers */,
				2F4B48222B05980300F8785C /* Utils */,
				2F4B48212B0597F800F8785C /* Models */,
				2F4B48202B0597E400F8785C /* Scenes */,
				2F4B481F2B0597DD00F8785C /* Views */,
				2F4B481E2B0595EA00F8785C /* Info.plist */,
				2F4B48102B05955600F8785C /* Assets.xcassets */,
				2F4B48122B05955600F8785C /* Preview Content */,
			);
			path = gravityrun;
			sourceTree = "<group>";
		};
		2F4B48122B05955600F8785C /* Preview Content */ = {
			isa = PBXGroup;
			children = (
				2F4B48132B05955600F8785C /* Preview Assets.xcassets */,
			);
			path = "Preview Content";
			sourceTree = "<group>";
		};
		2F4B481F2B0597DD00F8785C /* Views */ = {
			isa = PBXGroup;
			children = (
				2F4B480E2B05955500F8785C /* ContentView.swift */,
				2F4B481C2B05959100F8785C /* Spritekitcontainer.swift */,
				2F4B48282B05A0AC00F8785C /* MainMenuView.swift */,
			);
			path = Views;
			sourceTree = "<group>";
		};
		2F4B48202B0597E400F8785C /* Scenes */ = {
			isa = PBXGroup;
			children = (
				2F4B481A2B05957300F8785C /* GameScene.swift */,
			);
			path = Scenes;
			sourceTree = "<group>";
		};
		2F4B48212B0597F800F8785C /* Models */ = {
			isa = PBXGroup;
			children = (
				2F4B48242B05990200F8785C /* Player.swift */,
				2F4B48262B059E1900F8785C /* Platform.swift */,
				2F4451622B06F2EA00F3D40F /* Background.swift */,
			);
			path = Models;
			sourceTree = "<group>";
		};
		2F4B48222B05980300F8785C /* Utils */ = {
			isa = PBXGroup;
			children = (
			);
			path = Utils;
			sourceTree = "<group>";
		};
		2F4B48232B05981400F8785C /* Controllers */ = {
			isa = PBXGroup;
			children = (
			);
			path = Controllers;
			sourceTree = "<group>";
		};
/* End PBXGroup section */

/* Begin PBXNativeTarget section */
		2F4B48082B05955500F8785C /* gravityrun */ = {
			isa = PBXNativeTarget;
			buildConfigurationList = 2F4B48172B05955600F8785C /* Build configuration list for PBXNativeTarget "gravityrun" */;
			buildPhases = (
				2F4B48052B05955500F8785C /* Sources */,
				2F4B48062B05955500F8785C /* Frameworks */,
				2F4B48072B05955500F8785C /* Resources */,
			);
			buildRules = (
			);
			dependencies = (
			);
			name = gravityrun;
			productName = gravityrun;
			productReference = 2F4B48092B05955500F8785C /* gravityrun.app */;
			productType = "com.apple.product-type.application";
		};
/* End PBXNativeTarget section */

/* Begin PBXProject section */
		2F4B48012B05955500F8785C /* Project object */ = {
			isa = PBXProject;
			attributes = {
				BuildIndependentTargetsInParallel = 1;
				LastSwiftUpdateCheck = 1500;
				LastUpgradeCheck = 1500;
				TargetAttributes = {
					2F4B48082B05955500F8785C = {
						CreatedOnToolsVersion = 15.0.1;
					};
				};
			};
			buildConfigurationList = 2F4B48042B05955500F8785C /* Build configuration list for PBXProject "gravityrun" */;
			compatibilityVersion = "Xcode 14.0";
			developmentRegion = en;
			hasScannedForEncodings = 0;
			knownRegions = (
				en,
				Base,
			);
			mainGroup = 2F4B48002B05955500F8785C;
			productRefGroup = 2F4B480A2B05955500F8785C /* Products */;
			projectDirPath = "";
			projectRoot = "";
			targets = (
				2F4B48082B05955500F8785C /* gravityrun */,
			);
		};
/* End PBXProject section */

/* Begin PBXResourcesBuildPhase section */
		2F4B48072B05955500F8785C /* Resources */ = {
			isa = PBXResourcesBuildPhase;
			buildActionMask = 2147483647;
			files = (
				2F4B48142B05955600F8785C /* Preview Assets.xcassets in Resources */,
				2F4B48112B05955600F8785C /* Assets.xcassets in Resources */,
			);
			runOnlyForDeploymentPostprocessing = 0;
		};
/* End PBXResourcesBuildPhase section */

/* Begin PBXSourcesBuildPhase section */
		2F4B48052B05955500F8785C /* Sources */ = {
			isa = PBXSourcesBuildPhase;
			buildActionMask = 2147483647;
			files = (
				2F4B48292B05A0AC00F8785C /* MainMenuView.swift in Sources */,
				2F4451632B06F2EA00F3D40F /* Background.swift in Sources */,
				2F4B48272B059E1900F8785C /* Platform.swift in Sources */,
				2F4B48252B05990200F8785C /* Player.swift in Sources */,
				2F4B481B2B05957300F8785C /* GameScene.swift in Sources */,
				2F4B481D2B05959100F8785C /* Spritekitcontainer.swift in Sources */,
				2F4B480F2B05955500F8785C /* ContentView.swift in Sources */,
			);
			runOnlyForDeploymentPostprocessing = 0;
		};
/* End PBXSourcesBuildPhase section */

/* Begin XCBuildConfiguration section */
		2F4B48152B05955600F8785C /* Debug */ = {
			isa = XCBuildConfiguration;
			buildSettings = {
				ALWAYS_SEARCH_USER_PATHS = NO;
				ASSETCATALOG_COMPILER_GENERATE_SWIFT_ASSET_SYMBOL_EXTENSIONS = YES;
				CLANG_ANALYZER_NONNULL = YES;
				CLANG_ANALYZER_NUMBER_OBJECT_CONVERSION = YES_AGGRESSIVE;
				CLANG_CXX_LANGUAGE_STANDARD = "gnu++20";
				CLANG_ENABLE_MODULES = YES;
				CLANG_ENABLE_OBJC_ARC = YES;
				CLANG_ENABLE_OBJC_WEAK = YES;
				CLANG_WARN_BLOCK_CAPTURE_AUTORELEASING = YES;
				CLANG_WARN_BOOL_CONVERSION = YES;
				CLANG_WARN_COMMA = YES;
				CLANG_WARN_CONSTANT_CONVERSION = YES;
				CLANG_WARN_DEPRECATED_OBJC_IMPLEMENTATIONS = YES;
				CLANG_WARN_DIRECT_OBJC_ISA_USAGE = YES_ERROR;
				CLANG_WARN_DOCUMENTATION_COMMENTS = YES;
				CLANG_WARN_EMPTY_BODY = YES;
				CLANG_WARN_ENUM_CONVERSION = YES;
				CLANG_WARN_INFINITE_RECURSION = YES;
				CLANG_WARN_INT_CONVERSION = YES;
				CLANG_WARN_NON_LITERAL_NULL_CONVERSION = YES;
				CLANG_WARN_OBJC_IMPLICIT_RETAIN_SELF = YES;
				CLANG_WARN_OBJC_LITERAL_CONVERSION = YES;
				CLANG_WARN_OBJC_ROOT_CLASS = YES_ERROR;
				CLANG_WARN_QUOTED_INCLUDE_IN_FRAMEWORK_HEADER = YES;
				CLANG_WARN_RANGE_LOOP_ANALYSIS = YES;
				CLANG_WARN_STRICT_PROTOTYPES = YES;
				CLANG_WARN_SUSPICIOUS_MOVE = YES;
				CLANG_WARN_UNGUARDED_AVAILABILITY = YES_AGGRESSIVE;
				CLANG_WARN_UNREACHABLE_CODE = YES;
				CLANG_WARN__DUPLICATE_METHOD_MATCH = YES;
				COPY_PHASE_STRIP = NO;
				DEBUG_INFORMATION_FORMAT = dwarf;
				ENABLE_STRICT_OBJC_MSGSEND = YES;
				ENABLE_TESTABILITY = YES;
				ENABLE_USER_SCRIPT_SANDBOXING = YES;
				GCC_C_LANGUAGE_STANDARD = gnu17;
				GCC_DYNAMIC_NO_PIC = NO;
				GCC_NO_COMMON_BLOCKS = YES;
				GCC_OPTIMIZATION_LEVEL = 0;
				GCC_PREPROCESSOR_DEFINITIONS = (
					"DEBUG=1",
					"$(inherited)",
				);
				GCC_WARN_64_TO_32_BIT_CONVERSION = YES;
				GCC_WARN_ABOUT_RETURN_TYPE = YES_ERROR;
				GCC_WARN_UNDECLARED_SELECTOR = YES;
				GCC_WARN_UNINITIALIZED_AUTOS = YES_AGGRESSIVE;
				GCC_WARN_UNUSED_FUNCTION = YES;
				GCC_WARN_UNUSED_VARIABLE = YES;
				IPHONEOS_DEPLOYMENT_TARGET = 17.0;
				LOCALIZATION_PREFERS_STRING_CATALOGS = YES;
				MTL_ENABLE_DEBUG_INFO = INCLUDE_SOURCE;
				MTL_FAST_MATH = YES;
				ONLY_ACTIVE_ARCH = YES;
				SDKROOT = iphoneos;
				SWIFT_ACTIVE_COMPILATION_CONDITIONS = "DEBUG $(inherited)";
				SWIFT_OPTIMIZATION_LEVEL = "-Onone";
			};
			name = Debug;
		};
		2F4B48162B05955600F8785C /* Release */ = {
			isa = XCBuildConfiguration;
			buildSettings = {
				ALWAYS_SEARCH_USER_PATHS = NO;
				ASSETCATALOG_COMPILER_GENERATE_SWIFT_ASSET_SYMBOL_EXTENSIONS = YES;
				CLANG_ANALYZER_NONNULL = YES;
				CLANG_ANALYZER_NUMBER_OBJECT_CONVERSION = YES_AGGRESSIVE;
				CLANG_CXX_LANGUAGE_STANDARD = "gnu++20";
				CLANG_ENABLE_MODULES = YES;
				CLANG_ENABLE_OBJC_ARC = YES;
				CLANG_ENABLE_OBJC_WEAK = YES;
				CLANG_WARN_BLOCK_CAPTURE_AUTORELEASING = YES;
				CLANG_WARN_BOOL_CONVERSION = YES;
				CLANG_WARN_COMMA = YES;
				CLANG_WARN_CONSTANT_CONVERSION = YES;
				CLANG_WARN_DEPRECATED_OBJC_IMPLEMENTATIONS = YES;
				CLANG_WARN_DIRECT_OBJC_ISA_USAGE = YES_ERROR;
				CLANG_WARN_DOCUMENTATION_COMMENTS = YES;
				CLANG_WARN_EMPTY_BODY = YES;
				CLANG_WARN_ENUM_CONVERSION = YES;
				CLANG_WARN_INFINITE_RECURSION = YES;
				CLANG_WARN_INT_CONVERSION = YES;
				CLANG_WARN_NON_LITERAL_NULL_CONVERSION = YES;
				CLANG_WARN_OBJC_IMPLICIT_RETAIN_SELF = YES;
				CLANG_WARN_OBJC_LITERAL_CONVERSION = YES;
				CLANG_WARN_OBJC_ROOT_CLASS = YES_ERROR;
				CLANG_WARN_QUOTED_INCLUDE_IN_FRAMEWORK_HEADER = YES;
				CLANG_WARN_RANGE_LOOP_ANALYSIS = YES;
				CLANG_WARN_STRICT_PROTOTYPES = YES;
				CLANG_WARN_SUSPICIOUS_MOVE = YES;
				CLANG_WARN_UNGUARDED_AVAILABILITY = YES_AGGRESSIVE;
				CLANG_WARN_UNREACHABLE_CODE = YES;
				CLANG_WARN__DUPLICATE_METHOD_MATCH = YES;
				COPY_PHASE_STRIP = NO;
				DEBUG_INFORMATION_FORMAT = "dwarf-with-dsym";
				ENABLE_NS_ASSERTIONS = NO;
				ENABLE_STRICT_OBJC_MSGSEND = YES;
				ENABLE_USER_SCRIPT_SANDBOXING = YES;
				GCC_C_LANGUAGE_STANDARD = gnu17;
				GCC_NO_COMMON_BLOCKS = YES;
				GCC_WARN_64_TO_32_BIT_CONVERSION = YES;
				GCC_WARN_ABOUT_RETURN_TYPE = YES_ERROR;
				GCC_WARN_UNDECLARED_SELECTOR = YES;
				GCC_WARN_UNINITIALIZED_AUTOS = YES_AGGRESSIVE;
				GCC_WARN_UNUSED_FUNCTION = YES;
				GCC_WARN_UNUSED_VARIABLE = YES;
				IPHONEOS_DEPLOYMENT_TARGET = 17.0;
				LOCALIZATION_PREFERS_STRING_CATALOGS = YES;
				MTL_ENABLE_DEBUG_INFO = NO;
				MTL_FAST_MATH = YES;
				SDKROOT = iphoneos;
				SWIFT_COMPILATION_MODE = wholemodule;
				VALIDATE_PRODUCT = YES;
			};
			name = Release;
		};
		2F4B48182B05955600F8785C /* Debug */ = {
			isa = XCBuildConfiguration;
			buildSettings = {
				ASSETCATALOG_COMPILER_APPICON_NAME = AppIcon;
				ASSETCATALOG_COMPILER_GLOBAL_ACCENT_COLOR_NAME = AccentColor;
				CODE_SIGN_STYLE = Automatic;
				CURRENT_PROJECT_VERSION = 1;
				DEVELOPMENT_ASSET_PATHS = "\"gravityrun/Preview Content\"";
				DEVELOPMENT_TEAM = V695WDM4LC;
				ENABLE_PREVIEWS = YES;
				GENERATE_INFOPLIST_FILE = YES;
				INFOPLIST_FILE = gravityrun/Info.plist;
				INFOPLIST_KEY_UIApplicationSceneManifest_Generation = YES;
				INFOPLIST_KEY_UIApplicationSupportsIndirectInputEvents = YES;
				INFOPLIST_KEY_UILaunchScreen_Generation = YES;
				INFOPLIST_KEY_UISupportedInterfaceOrientations_iPad = "UIInterfaceOrientationPortrait UIInterfaceOrientationPortraitUpsideDown UIInterfaceOrientationLandscapeLeft UIInterfaceOrientationLandscapeRight";
				INFOPLIST_KEY_UISupportedInterfaceOrientations_iPhone = "UIInterfaceOrientationPortrait UIInterfaceOrientationLandscapeLeft UIInterfaceOrientationLandscapeRight";
				LD_RUNPATH_SEARCH_PATHS = (
					"$(inherited)",
					"@executable_path/Frameworks",
				);
				MARKETING_VERSION = 1.0;
				PRODUCT_BUNDLE_IDENTIFIER = lxxn.gravityrun;
				PRODUCT_NAME = "$(TARGET_NAME)";
				SWIFT_EMIT_LOC_STRINGS = YES;
				SWIFT_VERSION = 5.0;
				TARGETED_DEVICE_FAMILY = "1,2";
			};
			name = Debug;
		};
		2F4B48192B05955600F8785C /* Release */ = {
			isa = XCBuildConfiguration;
			buildSettings = {
				ASSETCATALOG_COMPILER_APPICON_NAME = AppIcon;
				ASSETCATALOG_COMPILER_GLOBAL_ACCENT_COLOR_NAME = AccentColor;
				CODE_SIGN_STYLE = Automatic;
				CURRENT_PROJECT_VERSION = 1;
				DEVELOPMENT_ASSET_PATHS = "\"gravityrun/Preview Content\"";
				DEVELOPMENT_TEAM = V695WDM4LC;
				ENABLE_PREVIEWS = YES;
				GENERATE_INFOPLIST_FILE = YES;
				INFOPLIST_FILE = gravityrun/Info.plist;
				INFOPLIST_KEY_UIApplicationSceneManifest_Generation = YES;
				INFOPLIST_KEY_UIApplicationSupportsIndirectInputEvents = YES;
				INFOPLIST_KEY_UILaunchScreen_Generation = YES;
				INFOPLIST_KEY_UISupportedInterfaceOrientations_iPad = "UIInterfaceOrientationPortrait UIInterfaceOrientationPortraitUpsideDown UIInterfaceOrientationLandscapeLeft UIInterfaceOrientationLandscapeRight";
				INFOPLIST_KEY_UISupportedInterfaceOrientations_iPhone = "UIInterfaceOrientationPortrait UIInterfaceOrientationLandscapeLeft UIInterfaceOrientationLandscapeRight";
				LD_RUNPATH_SEARCH_PATHS = (
					"$(inherited)",
					"@executable_path/Frameworks",
				);
				MARKETING_VERSION = 1.0;
				PRODUCT_BUNDLE_IDENTIFIER = lxxn.gravityrun;
				PRODUCT_NAME = "$(TARGET_NAME)";
				SWIFT_EMIT_LOC_STRINGS = YES;
				SWIFT_VERSION = 5.0;
				TARGETED_DEVICE_FAMILY = "1,2";
			};
			name = Release;
		};
/* End XCBuildConfiguration section */

/* Begin XCConfigurationList section */
		2F4B48042B05955500F8785C /* Build configuration list for PBXProject "gravityrun" */ = {
			isa = XCConfigurationList;
			buildConfigurations = (
				2F4B48152B05955600F8785C /* Debug */,
				2F4B48162B05955600F8785C /* Release */,
			);
			defaultConfigurationIsVisible = 0;
			defaultConfigurationName = Release;
		};
		2F4B48172B05955600F8785C /* Build configuration list for PBXNativeTarget "gravityrun" */ = {
			isa = XCConfigurationList;
			buildConfigurations = (
				2F4B48182B05955600F8785C /* Debug */,
				2F4B48192B05955600F8785C /* Release */,
			);
			defaultConfigurationIsVisible = 0;
			defaultConfigurationName = Release;
		};
/* End XCConfigurationList section */
	};
	rootObject = 2F4B48012B05955500F8785C /* Project object */;
}
